// !$*UTF8*$!
{
	archiveVersion = 1;
	classes = {
	};
	objectVersion = 46;
	objects = {

/* Begin PBXBuildFile section */
		BB3368DF1D81A833009AF307 /* main.m in Sources */ = {isa = PBXBuildFile; fileRef = BB3368DE1D81A833009AF307 /* main.m */; };
		BB3368E21D81A833009AF307 /* AppDelegate.m in Sources */ = {isa = PBXBuildFile; fileRef = BB3368E11D81A833009AF307 /* AppDelegate.m */; };
		BB3368E51D81A833009AF307 /* ViewController.m in Sources */ = {isa = PBXBuildFile; fileRef = BB3368E41D81A833009AF307 /* ViewController.m */; };
		BB3368E81D81A833009AF307 /* Main.storyboard in Resources */ = {isa = PBXBuildFile; fileRef = BB3368E61D81A833009AF307 /* Main.storyboard */; };
		BB3368EA1D81A833009AF307 /* Assets.xcassets in Resources */ = {isa = PBXBuildFile; fileRef = BB3368E91D81A833009AF307 /* Assets.xcassets */; };
		BB3368ED1D81A833009AF307 /* LaunchScreen.storyboard in Resources */ = {isa = PBXBuildFile; fileRef = BB3368EB1D81A833009AF307 /* LaunchScreen.storyboard */; };
		BB3368F81D81A834009AF307 /* FuseMobileTestTests.m in Sources */ = {isa = PBXBuildFile; fileRef = BB3368F71D81A834009AF307 /* FuseMobileTestTests.m */; };
		BB3369031D81A834009AF307 /* FuseMobileTestUITests.m in Sources */ = {isa = PBXBuildFile; fileRef = BB3369021D81A834009AF307 /* FuseMobileTestUITests.m */; };
/* End PBXBuildFile section */

/* Begin PBXContainerItemProxy section */
		BB3368F41D81A834009AF307 /* PBXContainerItemProxy */ = {
			isa = PBXContainerItemProxy;
			containerPortal = BB3368D21D81A833009AF307 /* Project object */;
			proxyType = 1;
			remoteGlobalIDString = BB3368D91D81A833009AF307;
			remoteInfo = FuseMobileTest;
		};
		BB3368FF1D81A834009AF307 /* PBXContainerItemProxy */ = {
			isa = PBXContainerItemProxy;
			containerPortal = BB3368D21D81A833009AF307 /* Project object */;
			proxyType = 1;
			remoteGlobalIDString = BB3368D91D81A833009AF307;
			remoteInfo = FuseMobileTest;
		};
/* End PBXContainerItemProxy section */

/* Begin PBXFileReference section */
		BB3368DA1D81A833009AF307 /* FuseMobileTest.app */ = {isa = PBXFileReference; explicitFileType = wrapper.application; includeInIndex = 0; path = FuseMobileTest.app; sourceTree = BUILT_PRODUCTS_DIR; };
		BB3368DE1D81A833009AF307 /* main.m */ = {isa = PBXFileReference; lastKnownFileType = sourcecode.c.objc; path = main.m; sourceTree = "<group>"; };
		BB3368E01D81A833009AF307 /* AppDelegate.h */ = {isa = PBXFileReference; lastKnownFileType = sourcecode.c.h; path = AppDelegate.h; sourceTree = "<group>"; };
		BB3368E11D81A833009AF307 /* AppDelegate.m */ = {isa = PBXFileReference; lastKnownFileType = sourcecode.c.objc; path = AppDelegate.m; sourceTree = "<group>"; };
		BB3368E31D81A833009AF307 /* ViewController.h */ = {isa = PBXFileReference; lastKnownFileType = sourcecode.c.h; path = ViewController.h; sourceTree = "<group>"; };
		BB3368E41D81A833009AF307 /* ViewController.m */ = {isa = PBXFileReference; lastKnownFileType = sourcecode.c.objc; path = ViewController.m; sourceTree = "<group>"; };
		BB3368E71D81A833009AF307 /* Base */ = {isa = PBXFileReference; lastKnownFileType = file.storyboard; name = Base; path = Base.lproj/Main.storyboard; sourceTree = "<group>"; };
		BB3368E91D81A833009AF307 /* Assets.xcassets */ = {isa = PBXFileReference; lastKnownFileType = folder.assetcatalog; path = Assets.xcassets; sourceTree = "<group>"; };
		BB3368EC1D81A833009AF307 /* Base */ = {isa = PBXFileReference; lastKnownFileType = file.storyboard; name = Base; path = Base.lproj/LaunchScreen.storyboard; sourceTree = "<group>"; };
		BB3368EE1D81A833009AF307 /* Info.plist */ = {isa = PBXFileReference; lastKnownFileType = text.plist.xml; path = Info.plist; sourceTree = "<group>"; };
		BB3368F31D81A834009AF307 /* FuseMobileTestTests.xctest */ = {isa = PBXFileReference; explicitFileType = wrapper.cfbundle; includeInIndex = 0; path = FuseMobileTestTests.xctest; sourceTree = BUILT_PRODUCTS_DIR; };
		BB3368F71D81A834009AF307 /* FuseMobileTestTests.m */ = {isa = PBXFileReference; lastKnownFileType = sourcecode.c.objc; path = FuseMobileTestTests.m; sourceTree = "<group>"; };
		BB3368F91D81A834009AF307 /* Info.plist */ = {isa = PBXFileReference; lastKnownFileType = text.plist.xml; path = Info.plist; sourceTree = "<group>"; };
		BB3368FE1D81A834009AF307 /* FuseMobileTestUITests.xctest */ = {isa = PBXFileReference; explicitFileType = wrapper.cfbundle; includeInIndex = 0; path = FuseMobileTestUITests.xctest; sourceTree = BUILT_PRODUCTS_DIR; };
		BB3369021D81A834009AF307 /* FuseMobileTestUITests.m */ = {isa = PBXFileReference; lastKnownFileType = sourcecode.c.objc; path = FuseMobileTestUITests.m; sourceTree = "<group>"; };
		BB3369041D81A834009AF307 /* Info.plist */ = {isa = PBXFileReference; lastKnownFileType = text.plist.xml; path = Info.plist; sourceTree = "<group>"; };
/* End PBXFileReference section */

/* Begin PBXFrameworksBuildPhase section */
		BB3368D71D81A833009AF307 /* Frameworks */ = {
			isa = PBXFrameworksBuildPhase;
			buildActionMask = 2147483647;
			files = (
			);
			runOnlyForDeploymentPostprocessing = 0;
		};
		BB3368F01D81A834009AF307 /* Frameworks */ = {
			isa = PBXFrameworksBuildPhase;
			buildActionMask = 2147483647;
			files = (
			);
			runOnlyForDeploymentPostprocessing = 0;
		};
		BB3368FB1D81A834009AF307 /* Frameworks */ = {
			isa = PBXFrameworksBuildPhase;
			buildActionMask = 2147483647;
			files = (
			);
			runOnlyForDeploymentPostprocessing = 0;
		};
/* End PBXFrameworksBuildPhase section */

/* Begin PBXGroup section */
		BB3368D11D81A833009AF307 = {
			isa = PBXGroup;
			children = (
				BB3368DC1D81A833009AF307 /* FuseMobileTest */,
				BB3368F61D81A834009AF307 /* FuseMobileTestTests */,
				BB3369011D81A834009AF307 /* FuseMobileTestUITests */,
				BB3368DB1D81A833009AF307 /* Products */,
			);
			sourceTree = "<group>";
		};
		BB3368DB1D81A833009AF307 /* Products */ = {
			isa = PBXGroup;
			children = (
				BB3368DA1D81A833009AF307 /* FuseMobileTest.app */,
				BB3368F31D81A834009AF307 /* FuseMobileTestTests.xctest */,
				BB3368FE1D81A834009AF307 /* FuseMobileTestUITests.xctest */,
			);
			name = Products;
			sourceTree = "<group>";
		};
		BB3368DC1D81A833009AF307 /* FuseMobileTest */ = {
			isa = PBXGroup;
			children = (
				BB3368E01D81A833009AF307 /* AppDelegate.h */,
				BB3368E11D81A833009AF307 /* AppDelegate.m */,
				BB3368E31D81A833009AF307 /* ViewController.h */,
				BB3368E41D81A833009AF307 /* ViewController.m */,
				BB3368E61D81A833009AF307 /* Main.storyboard */,
				BB3368E91D81A833009AF307 /* Assets.xcassets */,
				BB3368EB1D81A833009AF307 /* LaunchScreen.storyboard */,
				BB3368EE1D81A833009AF307 /* Info.plist */,
				BB3368DD1D81A833009AF307 /* Supporting Files */,
			);
			path = FuseMobileTest;
			sourceTree = "<group>";
		};
		BB3368DD1D81A833009AF307 /* Supporting Files */ = {
			isa = PBXGroup;
			children = (
				BB3368DE1D81A833009AF307 /* main.m */,
			);
			name = "Supporting Files";
			sourceTree = "<group>";
		};
		BB3368F61D81A834009AF307 /* FuseMobileTestTests */ = {
			isa = PBXGroup;
			children = (
				BB3368F71D81A834009AF307 /* FuseMobileTestTests.m */,
				BB3368F91D81A834009AF307 /* Info.plist */,
			);
			path = FuseMobileTestTests;
			sourceTree = "<group>";
		};
		BB3369011D81A834009AF307 /* FuseMobileTestUITests */ = {
			isa = PBXGroup;
			children = (
				BB3369021D81A834009AF307 /* FuseMobileTestUITests.m */,
				BB3369041D81A834009AF307 /* Info.plist */,
			);
			path = FuseMobileTestUITests;
			sourceTree = "<group>";
		};
/* End PBXGroup section */

/* Begin PBXNativeTarget section */
		BB3368D91D81A833009AF307 /* FuseMobileTest */ = {
			isa = PBXNativeTarget;
			buildConfigurationList = BB3369071D81A834009AF307 /* Build configuration list for PBXNativeTarget "FuseMobileTest" */;
			buildPhases = (
				BB3368D61D81A833009AF307 /* Sources */,
				BB3368D71D81A833009AF307 /* Frameworks */,
				BB3368D81D81A833009AF307 /* Resources */,
			);
			buildRules = (
			);
			dependencies = (
			);
			name = FuseMobileTest;
			productName = FuseMobileTest;
			productReference = BB3368DA1D81A833009AF307 /* FuseMobileTest.app */;
			productType = "com.apple.product-type.application";
		};
		BB3368F21D81A834009AF307 /* FuseMobileTestTests */ = {
			isa = PBXNativeTarget;
			buildConfigurationList = BB33690A1D81A834009AF307 /* Build configuration list for PBXNativeTarget "FuseMobileTestTests" */;
			buildPhases = (
				BB3368EF1D81A834009AF307 /* Sources */,
				BB3368F01D81A834009AF307 /* Frameworks */,
				BB3368F11D81A834009AF307 /* Resources */,
			);
			buildRules = (
			);
			dependencies = (
				BB3368F51D81A834009AF307 /* PBXTargetDependency */,
			);
			name = FuseMobileTestTests;
			productName = FuseMobileTestTests;
			productReference = BB3368F31D81A834009AF307 /* FuseMobileTestTests.xctest */;
			productType = "com.apple.product-type.bundle.unit-test";
		};
		BB3368FD1D81A834009AF307 /* FuseMobileTestUITests */ = {
			isa = PBXNativeTarget;
			buildConfigurationList = BB33690D1D81A834009AF307 /* Build configuration list for PBXNativeTarget "FuseMobileTestUITests" */;
			buildPhases = (
				BB3368FA1D81A834009AF307 /* Sources */,
				BB3368FB1D81A834009AF307 /* Frameworks */,
				BB3368FC1D81A834009AF307 /* Resources */,
			);
			buildRules = (
			);
			dependencies = (
				BB3369001D81A834009AF307 /* PBXTargetDependency */,
			);
			name = FuseMobileTestUITests;
			productName = FuseMobileTestUITests;
			productReference = BB3368FE1D81A834009AF307 /* FuseMobileTestUITests.xctest */;
			productType = "com.apple.product-type.bundle.ui-testing";
		};
/* End PBXNativeTarget section */

/* Begin PBXProject section */
		BB3368D21D81A833009AF307 /* Project object */ = {
			isa = PBXProject;
			attributes = {
				LastUpgradeCheck = 0730;
				ORGANIZATIONNAME = "Cooperative Computing";
				TargetAttributes = {
					BB3368D91D81A833009AF307 = {
						CreatedOnToolsVersion = 7.3;
					};
					BB3368F21D81A834009AF307 = {
						CreatedOnToolsVersion = 7.3;
						TestTargetID = BB3368D91D81A833009AF307;
					};
					BB3368FD1D81A834009AF307 = {
						CreatedOnToolsVersion = 7.3;
						TestTargetID = BB3368D91D81A833009AF307;
					};
				};
			};
			buildConfigurationList = BB3368D51D81A833009AF307 /* Build configuration list for PBXProject "FuseMobileTest" */;
			compatibilityVersion = "Xcode 3.2";
			developmentRegion = English;
			hasScannedForEncodings = 0;
			knownRegions = (
				en,
				Base,
			);
			mainGroup = BB3368D11D81A833009AF307;
			productRefGroup = BB3368DB1D81A833009AF307 /* Products */;
			projectDirPath = "";
			projectRoot = "";
			targets = (
				BB3368D91D81A833009AF307 /* FuseMobileTest */,
				BB3368F21D81A834009AF307 /* FuseMobileTestTests */,
				BB3368FD1D81A834009AF307 /* FuseMobileTestUITests */,
			);
		};
/* End PBXProject section */

/* Begin PBXResourcesBuildPhase section */
		BB3368D81D81A833009AF307 /* Resources */ = {
			isa = PBXResourcesBuildPhase;
			buildActionMask = 2147483647;
			files = (
				BB3368ED1D81A833009AF307 /* LaunchScreen.storyboard in Resources */,
				BB3368EA1D81A833009AF307 /* Assets.xcassets in Resources */,
				BB3368E81D81A833009AF307 /* Main.storyboard in Resources */,
			);
			runOnlyForDeploymentPostprocessing = 0;
		};
		BB3368F11D81A834009AF307 /* Resources */ = {
			isa = PBXResourcesBuildPhase;
			buildActionMask = 2147483647;
			files = (
			);
			runOnlyForDeploymentPostprocessing = 0;
		};
		BB3368FC1D81A834009AF307 /* Resources */ = {
			isa = PBXResourcesBuildPhase;
			buildActionMask = 2147483647;
			files = (
			);
			runOnlyForDeploymentPostprocessing = 0;
		};
/* End PBXResourcesBuildPhase section */

/* Begin PBXSourcesBuildPhase section */
		BB3368D61D81A833009AF307 /* Sources */ = {
			isa = PBXSourcesBuildPhase;
			buildActionMask = 2147483647;
			files = (
				BB3368E51D81A833009AF307 /* ViewController.m in Sources */,
				BB3368E21D81A833009AF307 /* AppDelegate.m in Sources */,
				BB3368DF1D81A833009AF307 /* main.m in Sources */,
			);
			runOnlyForDeploymentPostprocessing = 0;
		};
		BB3368EF1D81A834009AF307 /* Sources */ = {
			isa = PBXSourcesBuildPhase;
			buildActionMask = 2147483647;
			files = (
				BB3368F81D81A834009AF307 /* FuseMobileTestTests.m in Sources */,
			);
			runOnlyForDeploymentPostprocessing = 0;
		};
		BB3368FA1D81A834009AF307 /* Sources */ = {
			isa = PBXSourcesBuildPhase;
			buildActionMask = 2147483647;
			files = (
				BB3369031D81A834009AF307 /* FuseMobileTestUITests.m in Sources */,
			);
			runOnlyForDeploymentPostprocessing = 0;
		};
/* End PBXSourcesBuildPhase section */

/* Begin PBXTargetDependency section */
		BB3368F51D81A834009AF307 /* PBXTargetDependency */ = {
			isa = PBXTargetDependency;
			target = BB3368D91D81A833009AF307 /* FuseMobileTest */;
			targetProxy = BB3368F41D81A834009AF307 /* PBXContainerItemProxy */;
		};
		BB3369001D81A834009AF307 /* PBXTargetDependency */ = {
			isa = PBXTargetDependency;
			target = BB3368D91D81A833009AF307 /* FuseMobileTest */;
			targetProxy = BB3368FF1D81A834009AF307 /* PBXContainerItemProxy */;
		};
/* End PBXTargetDependency section */

/* Begin PBXVariantGroup section */
		BB3368E61D81A833009AF307 /* Main.storyboard */ = {
			isa = PBXVariantGroup;
			children = (
				BB3368E71D81A833009AF307 /* Base */,
			);
			name = Main.storyboard;
			sourceTree = "<group>";
		};
		BB3368EB1D81A833009AF307 /* LaunchScreen.storyboard */ = {
			isa = PBXVariantGroup;
			children = (
				BB3368EC1D81A833009AF307 /* Base */,
			);
			name = LaunchScreen.storyboard;
			sourceTree = "<group>";
		};
/* End PBXVariantGroup section */

/* Begin XCBuildConfiguration section */
		BB3369051D81A834009AF307 /* Debug */ = {
			isa = XCBuildConfiguration;
			buildSettings = {
				ALWAYS_SEARCH_USER_PATHS = NO;
				CLANG_ANALYZER_NONNULL = YES;
				CLANG_CXX_LANGUAGE_STANDARD = "gnu++0x";
				CLANG_CXX_LIBRARY = "libc++";
				CLANG_ENABLE_MODULES = YES;
				CLANG_ENABLE_OBJC_ARC = YES;
				CLANG_WARN_BOOL_CONVERSION = YES;
				CLANG_WARN_CONSTANT_CONVERSION = YES;
				CLANG_WARN_DIRECT_OBJC_ISA_USAGE = YES_ERROR;
				CLANG_WARN_EMPTY_BODY = YES;
				CLANG_WARN_ENUM_CONVERSION = YES;
				CLANG_WARN_INT_CONVERSION = YES;
				CLANG_WARN_OBJC_ROOT_CLASS = YES_ERROR;
				CLANG_WARN_UNREACHABLE_CODE = YES;
				CLANG_WARN__DUPLICATE_METHOD_MATCH = YES;
				"CODE_SIGN_IDENTITY[sdk=iphoneos*]" = "iPhone Developer";
				COPY_PHASE_STRIP = NO;
				DEBUG_INFORMATION_FORMAT = dwarf;
				ENABLE_STRICT_OBJC_MSGSEND = YES;
				ENABLE_TESTABILITY = YES;
				GCC_C_LANGUAGE_STANDARD = gnu99;
				GCC_DYNAMIC_NO_PIC = NO;
				GCC_NO_COMMON_BLOCKS = YES;
				GCC_OPTIMIZATION_LEVEL = 0;
				GCC_PREPROCESSOR_DEFINITIONS = (
					"DEBUG=1",
					"$(inherited)",
				);
				GCC_WARN_64_TO_32_BIT_CONVERSION = YES;
				GCC_WARN_ABOUT_RETURN_TYPE = YES_ERROR;
				GCC_WARN_UNDECLARED_SELECTOR = YES;
				GCC_WARN_UNINITIALIZED_AUTOS = YES_AGGRESSIVE;
				GCC_WARN_UNUSED_FUNCTION = YES;
				GCC_WARN_UNUSED_VARIABLE = YES;
				IPHONEOS_DEPLOYMENT_TARGET = 9.3;
				MTL_ENABLE_DEBUG_INFO = YES;
				ONLY_ACTIVE_ARCH = YES;
				SDKROOT = iphoneos;
			};
			name = Debug;
		};
		BB3369061D81A834009AF307 /* Release */ = {
			isa = XCBuildConfiguration;
			buildSettings = {
				ALWAYS_SEARCH_USER_PATHS = NO;
				CLANG_ANALYZER_NONNULL = YES;
				CLANG_CXX_LANGUAGE_STANDARD = "gnu++0x";
				CLANG_CXX_LIBRARY = "libc++";
				CLANG_ENABLE_MODULES = YES;
				CLANG_ENABLE_OBJC_ARC = YES;
				CLANG_WARN_BOOL_CONVERSION = YES;
				CLANG_WARN_CONSTANT_CONVERSION = YES;
				CLANG_WARN_DIRECT_OBJC_ISA_USAGE = YES_ERROR;
				CLANG_WARN_EMPTY_BODY = YES;
				CLANG_WARN_ENUM_CONVERSION = YES;
				CLANG_WARN_INT_CONVERSION = YES;
				CLANG_WARN_OBJC_ROOT_CLASS = YES_ERROR;
				CLANG_WARN_UNREACHABLE_CODE = YES;
				CLANG_WARN__DUPLICATE_METHOD_MATCH = YES;
				"CODE_SIGN_IDENTITY[sdk=iphoneos*]" = "iPhone Developer";
				COPY_PHASE_STRIP = NO;
				DEBUG_INFORMATION_FORMAT = "dwarf-with-dsym";
				ENABLE_NS_ASSERTIONS = NO;
				ENABLE_STRICT_OBJC_MSGSEND = YES;
				GCC_C_LANGUAGE_STANDARD = gnu99;
				GCC_NO_COMMON_BLOCKS = YES;
				GCC_WARN_64_TO_32_BIT_CONVERSION = YES;
				GCC_WARN_ABOUT_RETURN_TYPE = YES_ERROR;
				GCC_WARN_UNDECLARED_SELECTOR = YES;
				GCC_WARN_UNINITIALIZED_AUTOS = YES_AGGRESSIVE;
				GCC_WARN_UNUSED_FUNCTION = YES;
				GCC_WARN_UNUSED_VARIABLE = YES;
				IPHONEOS_DEPLOYMENT_TARGET = 9.3;
				MTL_ENABLE_DEBUG_INFO = NO;
				SDKROOT = iphoneos;
				VALIDATE_PRODUCT = YES;
			};
			name = Release;
		};
		BB3369081D81A834009AF307 /* Debug */ = {
			isa = XCBuildConfiguration;
			buildSettings = {
				ASSETCATALOG_COMPILER_APPICON_NAME = AppIcon;
				INFOPLIST_FILE = FuseMobileTest/Info.plist;
				LD_RUNPATH_SEARCH_PATHS = "$(inherited) @executable_path/Frameworks";
				PRODUCT_BUNDLE_IDENTIFIER = com.cooperativecomputing.FuseMobileTest;
				PRODUCT_NAME = "$(TARGET_NAME)";
			};
			name = Debug;
		};
		BB3369091D81A834009AF307 /* Release */ = {
			isa = XCBuildConfiguration;
			buildSettings = {
				ASSETCATALOG_COMPILER_APPICON_NAME = AppIcon;
				INFOPLIST_FILE = FuseMobileTest/Info.plist;
				LD_RUNPATH_SEARCH_PATHS = "$(inherited) @executable_path/Frameworks";
				PRODUCT_BUNDLE_IDENTIFIER = com.cooperativecomputing.FuseMobileTest;
				PRODUCT_NAME = "$(TARGET_NAME)";
			};
			name = Release;
		};
		BB33690B1D81A834009AF307 /* Debug */ = {
			isa = XCBuildConfiguration;
			buildSettings = {
				BUNDLE_LOADER = "$(TEST_HOST)";
				INFOPLIST_FILE = FuseMobileTestTests/Info.plist;
				LD_RUNPATH_SEARCH_PATHS = "$(inherited) @executable_path/Frameworks @loader_path/Frameworks";
				PRODUCT_BUNDLE_IDENTIFIER = com.cooperativecomputing.FuseMobileTestTests;
				PRODUCT_NAME = "$(TARGET_NAME)";
				TEST_HOST = "$(BUILT_PRODUCTS_DIR)/FuseMobileTest.app/FuseMobileTest";
			};
			name = Debug;
		};
		BB33690C1D81A834009AF307 /* Release */ = {
			isa = XCBuildConfiguration;
			buildSettings = {
				BUNDLE_LOADER = "$(TEST_HOST)";
				INFOPLIST_FILE = FuseMobileTestTests/Info.plist;
				LD_RUNPATH_SEARCH_PATHS = "$(inherited) @executable_path/Frameworks @loader_path/Frameworks";
				PRODUCT_BUNDLE_IDENTIFIER = com.cooperativecomputing.FuseMobileTestTests;
				PRODUCT_NAME = "$(TARGET_NAME)";
				TEST_HOST = "$(BUILT_PRODUCTS_DIR)/FuseMobileTest.app/FuseMobileTest";
			};
			name = Release;
		};
		BB33690E1D81A834009AF307 /* Debug */ = {
			isa = XCBuildConfiguration;
			buildSettings = {
				INFOPLIST_FILE = FuseMobileTestUITests/Info.plist;
				LD_RUNPATH_SEARCH_PATHS = "$(inherited) @executable_path/Frameworks @loader_path/Frameworks";
				PRODUCT_BUNDLE_IDENTIFIER = com.cooperativecomputing.FuseMobileTestUITests;
				PRODUCT_NAME = "$(TARGET_NAME)";
				TEST_TARGET_NAME = FuseMobileTest;
			};
			name = Debug;
		};
		BB33690F1D81A834009AF307 /* Release */ = {
			isa = XCBuildConfiguration;
			buildSettings = {
				INFOPLIST_FILE = FuseMobileTestUITests/Info.plist;
				LD_RUNPATH_SEARCH_PATHS = "$(inherited) @executable_path/Frameworks @loader_path/Frameworks";
				PRODUCT_BUNDLE_IDENTIFIER = com.cooperativecomputing.FuseMobileTestUITests;
				PRODUCT_NAME = "$(TARGET_NAME)";
				TEST_TARGET_NAME = FuseMobileTest;
			};
			name = Release;
		};
/* End XCBuildConfiguration section */

/* Begin XCConfigurationList section */
		BB3368D51D81A833009AF307 /* Build configuration list for PBXProject "FuseMobileTest" */ = {
			isa = XCConfigurationList;
			buildConfigurations = (
				BB3369051D81A834009AF307 /* Debug */,
				BB3369061D81A834009AF307 /* Release */,
			);
			defaultConfigurationIsVisible = 0;
			defaultConfigurationName = Release;
		};
		BB3369071D81A834009AF307 /* Build configuration list for PBXNativeTarget "FuseMobileTest" */ = {
			isa = XCConfigurationList;
			buildConfigurations = (
				BB3369081D81A834009AF307 /* Debug */,
				BB3369091D81A834009AF307 /* Release */,
			);
			defaultConfigurationIsVisible = 0;
		};
		BB33690A1D81A834009AF307 /* Build configuration list for PBXNativeTarget "FuseMobileTestTests" */ = {
			isa = XCConfigurationList;
			buildConfigurations = (
				BB33690B1D81A834009AF307 /* Debug */,
				BB33690C1D81A834009AF307 /* Release */,
			);
			defaultConfigurationIsVisible = 0;
		};
		BB33690D1D81A834009AF307 /* Build configuration list for PBXNativeTarget "FuseMobileTestUITests" */ = {
			isa = XCConfigurationList;
			buildConfigurations = (
				BB33690E1D81A834009AF307 /* Debug */,
				BB33690F1D81A834009AF307 /* Release */,
			);
			defaultConfigurationIsVisible = 0;
		};
/* End XCConfigurationList section */
	};
	rootObject = BB3368D21D81A833009AF307 /* Project object */;
}
